
Microsoft Visual Studio Solution File, Format Version 12.00
# Visual Studio Version 17
VisualStudioVersion = 17.14.36623.8
MinimumVisualStudioVersion = 10.0.40219.1
Project("{2150E333-8FDC-42A3-9474-1A3956D46DE8}") = "Solution Items", "Solution Items", "{85A83F10-CB12-4C11-9E5D-AA7B56B27CE7}"
	ProjectSection(SolutionItems) = preProject
		ChangeLog.txt = ChangeLog.txt
		MakeInnoInstallerForRelease.iss = MakeInnoInstallerForRelease.iss
	EndProjectSection
EndProject
Project("{FAE04EC0-301F-11D3-BF4B-00C04F79EFBC}") = "SDB", "SDB\SDB.csproj", "{720893B6-4C7A-47E9-B3A6-EB49478E57D8}"
EndProject
Global
	GlobalSection(SolutionConfigurationPlatforms) = preSolution
		Debug|Any CPU = Debug|Any CPU
		Debug|x86 = Debug|x86
		Release|Any CPU = Release|Any CPU
		Release|x86 = Release|x86
	EndGlobalSection
	GlobalSection(ProjectConfigurationPlatforms) = postSolution
		{720893B6-4C7A-47E9-B3A6-EB49478E57D8}.Debug|Any CPU.ActiveCfg = Debug|Any CPU
		{720893B6-4C7A-47E9-B3A6-EB49478E57D8}.Debug|Any CPU.Build.0 = Debug|Any CPU
		{720893B6-4C7A-47E9-B3A6-EB49478E57D8}.Debug|x86.ActiveCfg = Debug|Any CPU
		{720893B6-4C7A-47E9-B3A6-EB49478E57D8}.Debug|x86.Build.0 = Debug|Any CPU
		{720893B6-4C7A-47E9-B3A6-EB49478E57D8}.Release|Any CPU.ActiveCfg = Release|Any CPU
		{720893B6-4C7A-47E9-B3A6-EB49478E57D8}.Release|Any CPU.Build.0 = Release|Any CPU
		{720893B6-4C7A-47E9-B3A6-EB49478E57D8}.Release|x86.ActiveCfg = Release|Any CPU
		{720893B6-4C7A-47E9-B3A6-EB49478E57D8}.Release|x86.Build.0 = Release|Any CPU
	EndGlobalSection
	GlobalSection(SolutionProperties) = preSolution
		HideSolutionNode = FALSE
	EndGlobalSection
	GlobalSection(ExtensibilityGlobals) = postSolution
		SolutionGuid = {054A425F-9596-434F-BCDE-E7C039C2F0B7}
	EndGlobalSection
EndGlobal
